// !$*UTF8*$!
{
	archiveVersion = 1;
	classes = {
	};
	objectVersion = 46;
	objects = {

/* Begin PBXBuildFile section */
		07FD73551EE5359200DEE455 /* AppDelegate.swift in Sources */ = {isa = PBXBuildFile; fileRef = 07FD73541EE5359200DEE455 /* AppDelegate.swift */; };
		07FD73571EE5359200DEE455 /* ViewController.swift in Sources */ = {isa = PBXBuildFile; fileRef = 07FD73561EE5359200DEE455 /* ViewController.swift */; };
		07FD735A1EE5359200DEE455 /* Main.storyboard in Resources */ = {isa = PBXBuildFile; fileRef = 07FD73581EE5359200DEE455 /* Main.storyboard */; };
		07FD735C1EE5359200DEE455 /* Assets.xcassets in Resources */ = {isa = PBXBuildFile; fileRef = 07FD735B1EE5359200DEE455 /* Assets.xcassets */; };
		07FD735F1EE5359200DEE455 /* LaunchScreen.storyboard in Resources */ = {isa = PBXBuildFile; fileRef = 07FD735D1EE5359200DEE455 /* LaunchScreen.storyboard */; };
/* End PBXBuildFile section */

/* Begin PBXFileReference section */
		07FD73511EE5359200DEE455 /* SelfSizingView.app */ = {isa = PBXFileReference; explicitFileType = wrapper.application; includeInIndex = 0; path = SelfSizingView.app; sourceTree = BUILT_PRODUCTS_DIR; };
		07FD73541EE5359200DEE455 /* AppDelegate.swift */ = {isa = PBXFileReference; lastKnownFileType = sourcecode.swift; path = AppDelegate.swift; sourceTree = "<group>"; };
		07FD73561EE5359200DEE455 /* ViewController.swift */ = {isa = PBXFileReference; lastKnownFileType = sourcecode.swift; path = ViewController.swift; sourceTree = "<group>"; };
		07FD73591EE5359200DEE455 /* Base */ = {isa = PBXFileReference; lastKnownFileType = file.storyboard; name = Base; path = Base.lproj/Main.storyboard; sourceTree = "<group>"; };
		07FD735B1EE5359200DEE455 /* Assets.xcassets */ = {isa = PBXFileReference; lastKnownFileType = folder.assetcatalog; path = Assets.xcassets; sourceTree = "<group>"; };
		07FD735E1EE5359200DEE455 /* Base */ = {isa = PBXFileReference; lastKnownFileType = file.storyboard; name = Base; path = Base.lproj/LaunchScreen.storyboard; sourceTree = "<group>"; };
		07FD73601EE5359200DEE455 /* Info.plist */ = {isa = PBXFileReference; lastKnownFileType = text.plist.xml; path = Info.plist; sourceTree = "<group>"; };
/* End PBXFileReference section */

/* Begin PBXFrameworksBuildPhase section */
		07FD734E1EE5359200DEE455 /* Frameworks */ = {
			isa = PBXFrameworksBuildPhase;
			buildActionMask = 2147483647;
			files = (
			);
			runOnlyForDeploymentPostprocessing = 0;
		};
/* End PBXFrameworksBuildPhase section */

/* Begin PBXGroup section */
		07FD73481EE5359200DEE455 = {
			isa = PBXGroup;
			children = (
				07FD73531EE5359200DEE455 /* SelfSizingView */,
				07FD73521EE5359200DEE455 /* Products */,
			);
			sourceTree = "<group>";
		};
		07FD73521EE5359200DEE455 /* Products */ = {
			isa = PBXGroup;
			children = (
				07FD73511EE5359200DEE455 /* SelfSizingView.app */,
			);
			name = Products;
			sourceTree = "<group>";
		};
		07FD73531EE5359200DEE455 /* SelfSizingView */ = {
			isa = PBXGroup;
			children = (
				07FD73541EE5359200DEE455 /* AppDelegate.swift */,
				07FD73561EE5359200DEE455 /* ViewController.swift */,
				07FD73581EE5359200DEE455 /* Main.storyboard */,
				07FD735B1EE5359200DEE455 /* Assets.xcassets */,
				07FD735D1EE5359200DEE455 /* LaunchScreen.storyboard */,
				07FD73601EE5359200DEE455 /* Info.plist */,
			);
			path = SelfSizingView;
			sourceTree = "<group>";
		};
/* End PBXGroup section */

/* Begin PBXNativeTarget section */
		07FD73501EE5359200DEE455 /* SelfSizingView */ = {
			isa = PBXNativeTarget;
			buildConfigurationList = 07FD73631EE5359200DEE455 /* Build configuration list for PBXNativeTarget "SelfSizingView" */;
			buildPhases = (
				07FD734D1EE5359200DEE455 /* Sources */,
				07FD734E1EE5359200DEE455 /* Frameworks */,
				07FD734F1EE5359200DEE455 /* Resources */,
			);
			buildRules = (
			);
			dependencies = (
			);
			name = SelfSizingView;
			productName = SelfSizingView;
			productReference = 07FD73511EE5359200DEE455 /* SelfSizingView.app */;
			productType = "com.apple.product-type.application";
		};
/* End PBXNativeTarget section */

/* Begin PBXProject section */
		07FD73491EE5359200DEE455 /* Project object */ = {
			isa = PBXProject;
			attributes = {
				LastSwiftUpdateCheck = 0820;
				LastUpgradeCheck = 0820;
				ORGANIZATIONNAME = "Rahul Mane";
				TargetAttributes = {
					07FD73501EE5359200DEE455 = {
						CreatedOnToolsVersion = 8.2.1;
						ProvisioningStyle = Automatic;
					};
				};
			};
			buildConfigurationList = 07FD734C1EE5359200DEE455 /* Build configuration list for PBXProject "SelfSizingView" */;
			compatibilityVersion = "Xcode 3.2";
			developmentRegion = English;
			hasScannedForEncodings = 0;
			knownRegions = (
				en,
				Base,
			);
			mainGroup = 07FD73481EE5359200DEE455;
			productRefGroup = 07FD73521EE5359200DEE455 /* Products */;
			projectDirPath = "";
			projectRoot = "";
			targets = (
				07FD73501EE5359200DEE455 /* SelfSizingView */,
			);
		};
/* End PBXProject section */

/* Begin PBXResourcesBuildPhase section */
		07FD734F1EE5359200DEE455 /* Resources */ = {
			isa = PBXResourcesBuildPhase;
			buildActionMask = 2147483647;
			files = (
				07FD735F1EE5359200DEE455 /* LaunchScreen.storyboard in Resources */,
				07FD735C1EE5359200DEE455 /* Assets.xcassets in Resources */,
				07FD735A1EE5359200DEE455 /* Main.storyboard in Resources */,
			);
			runOnlyForDeploymentPostprocessing = 0;
		};
/* End PBXResourcesBuildPhase section */

/* Begin PBXSourcesBuildPhase section */
		07FD734D1EE5359200DEE455 /* Sources */ = {
			isa = PBXSourcesBuildPhase;
			buildActionMask = 2147483647;
			files = (
				07FD73571EE5359200DEE455 /* ViewController.swift in Sources */,
				07FD73551EE5359200DEE455 /* AppDelegate.swift in Sources */,
			);
			runOnlyForDeploymentPostprocessing = 0;
		};
/* End PBXSourcesBuildPhase section */

/* Begin PBXVariantGroup section */
		07FD73581EE5359200DEE455 /* Main.storyboard */ = {
			isa = PBXVariantGroup;
			children = (
				07FD73591EE5359200DEE455 /* Base */,
			);
			name = Main.storyboard;
			sourceTree = "<group>";
		};
		07FD735D1EE5359200DEE455 /* LaunchScreen.storyboard */ = {
			isa = PBXVariantGroup;
			children = (
				07FD735E1EE5359200DEE455 /* Base */,
			);
			name = LaunchScreen.storyboard;
			sourceTree = "<group>";
		};
/* End PBXVariantGroup section */

/* Begin XCBuildConfiguration section */
		07FD73611EE5359200DEE455 /* Debug */ = {
			isa = XCBuildConfiguration;
			buildSettings = {
				ALWAYS_SEARCH_USER_PATHS = NO;
				CLANG_ANALYZER_NONNULL = YES;
				CLANG_CXX_LANGUAGE_STANDARD = "gnu++0x";
				CLANG_CXX_LIBRARY = "libc++";
				CLANG_ENABLE_MODULES = YES;
				CLANG_ENABLE_OBJC_ARC = YES;
				CLANG_WARN_BOOL_CONVERSION = YES;
				CLANG_WARN_CONSTANT_CONVERSION = YES;
				CLANG_WARN_DIRECT_OBJC_ISA_USAGE = YES_ERROR;
				CLANG_WARN_DOCUMENTATION_COMMENTS = YES;
				CLANG_WARN_EMPTY_BODY = YES;
				CLANG_WARN_ENUM_CONVERSION = YES;
				CLANG_WARN_INFINITE_RECURSION = YES;
				CLANG_WARN_INT_CONVERSION = YES;
				CLANG_WARN_OBJC_ROOT_CLASS = YES_ERROR;
				CLANG_WARN_SUSPICIOUS_MOVE = YES;
				CLANG_WARN_UNREACHABLE_CODE = YES;
				CLANG_WARN__DUPLICATE_METHOD_MATCH = YES;
				"CODE_SIGN_IDENTITY[sdk=iphoneos*]" = "iPhone Developer";
				COPY_PHASE_STRIP = NO;
				DEBUG_INFORMATION_FORMAT = dwarf;
				ENABLE_STRICT_OBJC_MSGSEND = YES;
				ENABLE_TESTABILITY = YES;
				GCC_C_LANGUAGE_STANDARD = gnu99;
				GCC_DYNAMIC_NO_PIC = NO;
				GCC_NO_COMMON_BLOCKS = YES;
				GCC_OPTIMIZATION_LEVEL = 0;
				GCC_PREPROCESSOR_DEFINITIONS = (
					"DEBUG=1",
					"$(inherited)",
				);
				GCC_WARN_64_TO_32_BIT_CONVERSION = YES;
				GCC_WARN_ABOUT_RETURN_TYPE = YES_ERROR;
				GCC_WARN_UNDECLARED_SELECTOR = YES;
				GCC_WARN_UNINITIALIZED_AUTOS = YES_AGGRESSIVE;
				GCC_WARN_UNUSED_FUNCTION = YES;
				GCC_WARN_UNUSED_VARIABLE = YES;
				IPHONEOS_DEPLOYMENT_TARGET = 10.2;
				MTL_ENABLE_DEBUG_INFO = YES;
				ONLY_ACTIVE_ARCH = YES;
				SDKROOT = iphoneos;
				SWIFT_ACTIVE_COMPILATION_CONDITIONS = DEBUG;
				SWIFT_OPTIMIZATION_LEVEL = "-Onone";
				TARGETED_DEVICE_FAMILY = "1,2";
			};
			name = Debug;
		};
		07FD73621EE5359200DEE455 /* Release */ = {
			isa = XCBuildConfiguration;
			buildSettings = {
				ALWAYS_SEARCH_USER_PATHS = NO;
				CLANG_ANALYZER_NONNULL = YES;
				CLANG_CXX_LANGUAGE_STANDARD = "gnu++0x";
				CLANG_CXX_LIBRARY = "libc++";
				CLANG_ENABLE_MODULES = YES;
				CLANG_ENABLE_OBJC_ARC = YES;
				CLANG_WARN_BOOL_CONVERSION = YES;
				CLANG_WARN_CONSTANT_CONVERSION = YES;
				CLANG_WARN_DIRECT_OBJC_ISA_USAGE = YES_ERROR;
				CLANG_WARN_DOCUMENTATION_COMMENTS = YES;
				CLANG_WARN_EMPTY_BODY = YES;
				CLANG_WARN_ENUM_CONVERSION = YES;
				CLANG_WARN_INFINITE_RECURSION = YES;
				CLANG_WARN_INT_CONVERSION = YES;
				CLANG_WARN_OBJC_ROOT_CLASS = YES_ERROR;
				CLANG_WARN_SUSPICIOUS_MOVE = YES;
				CLANG_WARN_UNREACHABLE_CODE = YES;
				CLANG_WARN__DUPLICATE_METHOD_MATCH = YES;
				"CODE_SIGN_IDENTITY[sdk=iphoneos*]" = "iPhone Developer";
				COPY_PHASE_STRIP = NO;
				DEBUG_INFORMATION_FORMAT = "dwarf-with-dsym";
				ENABLE_NS_ASSERTIONS = NO;
				ENABLE_STRICT_OBJC_MSGSEND = YES;
				GCC_C_LANGUAGE_STANDARD = gnu99;
				GCC_NO_COMMON_BLOCKS = YES;
				GCC_WARN_64_TO_32_BIT_CONVERSION = YES;
				GCC_WARN_ABOUT_RETURN_TYPE = YES_ERROR;
				GCC_WARN_UNDECLARED_SELECTOR = YES;
				GCC_WARN_UNINITIALIZED_AUTOS = YES_AGGRESSIVE;
				GCC_WARN_UNUSED_FUNCTION = YES;
				GCC_WARN_UNUSED_VARIABLE = YES;
				IPHONEOS_DEPLOYMENT_TARGET = 10.2;
				MTL_ENABLE_DEBUG_INFO = NO;
				SDKROOT = iphoneos;
				SWIFT_OPTIMIZATION_LEVEL = "-Owholemodule";
				TARGETED_DEVICE_FAMILY = "1,2";
				VALIDATE_PRODUCT = YES;
			};
			name = Release;
		};
		07FD73641EE5359200DEE455 /* Debug */ = {
			isa = XCBuildConfiguration;
			buildSettings = {
				ASSETCATALOG_COMPILER_APPICON_NAME = AppIcon;
				INFOPLIST_FILE = SelfSizingView/Info.plist;
				LD_RUNPATH_SEARCH_PATHS = "$(inherited) @executable_path/Frameworks";
				PRODUCT_BUNDLE_IDENTIFIER = com.vignet.SelfSizingView;
				PRODUCT_NAME = "$(TARGET_NAME)";
				SWIFT_VERSION = 3.0;
			};
			name = Debug;
		};
		07FD73651EE5359200DEE455 /* Release */ = {
			isa = XCBuildConfiguration;
			buildSettings = {
				ASSETCATALOG_COMPILER_APPICON_NAME = AppIcon;
				INFOPLIST_FILE = SelfSizingView/Info.plist;
				LD_RUNPATH_SEARCH_PATHS = "$(inherited) @executable_path/Frameworks";
				PRODUCT_BUNDLE_IDENTIFIER = com.vignet.SelfSizingView;
				PRODUCT_NAME = "$(TARGET_NAME)";
				SWIFT_VERSION = 3.0;
			};
			name = Release;
		};
/* End XCBuildConfiguration section */

/* Begin XCConfigurationList section */
		07FD734C1EE5359200DEE455 /* Build configuration list for PBXProject "SelfSizingView" */ = {
			isa = XCConfigurationList;
			buildConfigurations = (
				07FD73611EE5359200DEE455 /* Debug */,
				07FD73621EE5359200DEE455 /* Release */,
			);
			defaultConfigurationIsVisible = 0;
			defaultConfigurationName = Release;
		};
		07FD73631EE5359200DEE455 /* Build configuration list for PBXNativeTarget "SelfSizingView" */ = {
			isa = XCConfigurationList;
			buildConfigurations = (
				07FD73641EE5359200DEE455 /* Debug */,
				07FD73651EE5359200DEE455 /* Release */,
			);
			defaultConfigurationIsVisible = 0;
		};
/* End XCConfigurationList section */
	};
	rootObject = 07FD73491EE5359200DEE455 /* Project object */;
}
